
Microsoft Visual Studio Solution File, Format Version 12.00
# Visual Studio Version 17
VisualStudioVersion = 17.0.31903.59
MinimumVisualStudioVersion = 10.0.40219.1
Project("{FAE04EC0-301F-11D3-BF4B-00C04F79EFBC}") = "MusicApp.Domain", "src\MusicApp.Domain\MusicApp.Domain.csproj", "{1B016F1B-81CD-4FA8-9EFA-1485F919D62F}"
EndProject
Project("{FAE04EC0-301F-11D3-BF4B-00C04F79EFBC}") = "MusicApp.Application", "src\MusicApp.Application\MusicApp.Application.csproj", "{C66150E2-FEEC-4163-A3A2-C1EF5F835B28}"
EndProject
Project("{FAE04EC0-301F-11D3-BF4B-00C04F79EFBC}") = "MusicApp.Infrastructure", "src\MusicApp.Infrastructure\MusicApp.Infrastructure.csproj", "{AD669C0A-C901-4762-A7E1-9E940F97010C}"
EndProject
Project("{FAE04EC0-301F-11D3-BF4B-00C04F79EFBC}") = "MusicApp.API", "src\MusicApp.API\MusicApp.API.csproj", "{AD347FB1-B75F-46DD-865F-238F2A346E0F}"
EndProject
Global
	GlobalSection(SolutionConfigurationPlatforms) = preSolution
		Debug|Any CPU = Debug|Any CPU
		Debug|x64 = Debug|x64
		Debug|x86 = Debug|x86
		Release|Any CPU = Release|Any CPU
		Release|x64 = Release|x64
		Release|x86 = Release|x86
	EndGlobalSection
	GlobalSection(ProjectConfigurationPlatforms) = postSolution
		{1B016F1B-81CD-4FA8-9EFA-1485F919D62F}.Debug|Any CPU.ActiveCfg = Debug|Any CPU
		{1B016F1B-81CD-4FA8-9EFA-1485F919D62F}.Debug|Any CPU.Build.0 = Debug|Any CPU
		{1B016F1B-81CD-4FA8-9EFA-1485F919D62F}.Debug|x64.ActiveCfg = Debug|Any CPU
		{1B016F1B-81CD-4FA8-9EFA-1485F919D62F}.Debug|x64.Build.0 = Debug|Any CPU
		{1B016F1B-81CD-4FA8-9EFA-1485F919D62F}.Debug|x86.ActiveCfg = Debug|Any CPU
		{1B016F1B-81CD-4FA8-9EFA-1485F919D62F}.Debug|x86.Build.0 = Debug|Any CPU
		{1B016F1B-81CD-4FA8-9EFA-1485F919D62F}.Release|Any CPU.ActiveCfg = Release|Any CPU
		{1B016F1B-81CD-4FA8-9EFA-1485F919D62F}.Release|Any CPU.Build.0 = Release|Any CPU
		{1B016F1B-81CD-4FA8-9EFA-1485F919D62F}.Release|x64.ActiveCfg = Release|Any CPU
		{1B016F1B-81CD-4FA8-9EFA-1485F919D62F}.Release|x64.Build.0 = Release|Any CPU
		{1B016F1B-81CD-4FA8-9EFA-1485F919D62F}.Release|x86.ActiveCfg = Release|Any CPU
		{1B016F1B-81CD-4FA8-9EFA-1485F919D62F}.Release|x86.Build.0 = Release|Any CPU
		{C66150E2-FEEC-4163-A3A2-C1EF5F835B28}.Debug|Any CPU.ActiveCfg = Debug|Any CPU
		{C66150E2-FEEC-4163-A3A2-C1EF5F835B28}.Debug|Any CPU.Build.0 = Debug|Any CPU
		{C66150E2-FEEC-4163-A3A2-C1EF5F835B28}.Debug|x64.ActiveCfg = Debug|Any CPU
		{C66150E2-FEEC-4163-A3A2-C1EF5F835B28}.Debug|x64.Build.0 = Debug|Any CPU
		{C66150E2-FEEC-4163-A3A2-C1EF5F835B28}.Debug|x86.ActiveCfg = Debug|Any CPU
		{C66150E2-FEEC-4163-A3A2-C1EF5F835B28}.Debug|x86.Build.0 = Debug|Any CPU
		{C66150E2-FEEC-4163-A3A2-C1EF5F835B28}.Release|Any CPU.ActiveCfg = Release|Any CPU
		{C66150E2-FEEC-4163-A3A2-C1EF5F835B28}.Release|Any CPU.Build.0 = Release|Any CPU
		{C66150E2-FEEC-4163-A3A2-C1EF5F835B28}.Release|x64.ActiveCfg = Release|Any CPU
		{C66150E2-FEEC-4163-A3A2-C1EF5F835B28}.Release|x64.Build.0 = Release|Any CPU
		{C66150E2-FEEC-4163-A3A2-C1EF5F835B28}.Release|x86.ActiveCfg = Release|Any CPU
		{C66150E2-FEEC-4163-A3A2-C1EF5F835B28}.Release|x86.Build.0 = Release|Any CPU
		{AD669C0A-C901-4762-A7E1-9E940F97010C}.Debug|Any CPU.ActiveCfg = Debug|Any CPU
		{AD669C0A-C901-4762-A7E1-9E940F97010C}.Debug|Any CPU.Build.0 = Debug|Any CPU
		{AD669C0A-C901-4762-A7E1-9E940F97010C}.Debug|x64.ActiveCfg = Debug|Any CPU
		{AD669C0A-C901-4762-A7E1-9E940F97010C}.Debug|x64.Build.0 = Debug|Any CPU
		{AD669C0A-C901-4762-A7E1-9E940F97010C}.Debug|x86.ActiveCfg = Debug|Any CPU
		{AD669C0A-C901-4762-A7E1-9E940F97010C}.Debug|x86.Build.0 = Debug|Any CPU
		{AD669C0A-C901-4762-A7E1-9E940F97010C}.Release|Any CPU.ActiveCfg = Release|Any CPU
		{AD669C0A-C901-4762-A7E1-9E940F97010C}.Release|Any CPU.Build.0 = Release|Any CPU
		{AD669C0A-C901-4762-A7E1-9E940F97010C}.Release|x64.ActiveCfg = Release|Any CPU
		{AD669C0A-C901-4762-A7E1-9E940F97010C}.Release|x64.Build.0 = Release|Any CPU
		{AD669C0A-C901-4762-A7E1-9E940F97010C}.Release|x86.ActiveCfg = Release|Any CPU
		{AD669C0A-C901-4762-A7E1-9E940F97010C}.Release|x86.Build.0 = Release|Any CPU
		{AD347FB1-B75F-46DD-865F-238F2A346E0F}.Debug|Any CPU.ActiveCfg = Debug|Any CPU
		{AD347FB1-B75F-46DD-865F-238F2A346E0F}.Debug|Any CPU.Build.0 = Debug|Any CPU
		{AD347FB1-B75F-46DD-865F-238F2A346E0F}.Debug|x64.ActiveCfg = Debug|Any CPU
		{AD347FB1-B75F-46DD-865F-238F2A346E0F}.Debug|x64.Build.0 = Debug|Any CPU
		{AD347FB1-B75F-46DD-865F-238F2A346E0F}.Debug|x86.ActiveCfg = Debug|Any CPU
		{AD347FB1-B75F-46DD-865F-238F2A346E0F}.Debug|x86.Build.0 = Debug|Any CPU
		{AD347FB1-B75F-46DD-865F-238F2A346E0F}.Release|Any CPU.ActiveCfg = Release|Any CPU
		{AD347FB1-B75F-46DD-865F-238F2A346E0F}.Release|Any CPU.Build.0 = Release|Any CPU
		{AD347FB1-B75F-46DD-865F-238F2A346E0F}.Release|x64.ActiveCfg = Release|Any CPU
		{AD347FB1-B75F-46DD-865F-238F2A346E0F}.Release|x64.Build.0 = Release|Any CPU
		{AD347FB1-B75F-46DD-865F-238F2A346E0F}.Release|x86.ActiveCfg = Release|Any CPU
		{AD347FB1-B75F-46DD-865F-238F2A346E0F}.Release|x86.Build.0 = Release|Any CPU
	EndGlobalSection
	GlobalSection(SolutionProperties) = preSolution
		HideSolutionNode = FALSE
	EndGlobalSection
EndGlobal
